
Microsoft Visual Studio Solution File, Format Version 12.00
# Visual Studio Version 16
VisualStudioVersion = 16.0.29509.3
MinimumVisualStudioVersion = 10.0.40219.1
Project("{FAE04EC0-301F-11D3-BF4B-00C04F79EFBC}") = "GamemodeCityClient", "GamemodeCityClient\GamemodeCityClient.csproj", "{00F65959-DBB7-40B2-9E5A-5B96B90B9321}"
EndProject
Project("{FAE04EC0-301F-11D3-BF4B-00C04F79EFBC}") = "GamemodeCityServer", "GamemodeCityServer\GamemodeCityServer.csproj", "{27ECF000-E6D8-4910-9117-B6CD01048E8B}"
EndProject
Global
	GlobalSection(SolutionConfigurationPlatforms) = preSolution
		Debug|Any CPU = Debug|Any CPU
		Release|Any CPU = Release|Any CPU
	EndGlobalSection
	GlobalSection(ProjectConfigurationPlatforms) = postSolution
		{00F65959-DBB7-40B2-9E5A-5B96B90B9321}.Debug|Any CPU.ActiveCfg = Debug|Any CPU
		{00F65959-DBB7-40B2-9E5A-5B96B90B9321}.Debug|Any CPU.Build.0 = Debug|Any CPU
		{00F65959-DBB7-40B2-9E5A-5B96B90B9321}.Release|Any CPU.ActiveCfg = Release|Any CPU
		{00F65959-DBB7-40B2-9E5A-5B96B90B9321}.Release|Any CPU.Build.0 = Release|Any CPU
		{27ECF000-E6D8-4910-9117-B6CD01048E8B}.Debug|Any CPU.ActiveCfg = Debug|Any CPU
		{27ECF000-E6D8-4910-9117-B6CD01048E8B}.Debug|Any CPU.Build.0 = Debug|Any CPU
		{27ECF000-E6D8-4910-9117-B6CD01048E8B}.Release|Any CPU.ActiveCfg = Release|Any CPU
		{27ECF000-E6D8-4910-9117-B6CD01048E8B}.Release|Any CPU.Build.0 = Release|Any CPU
	EndGlobalSection
	GlobalSection(SolutionProperties) = preSolution
		HideSolutionNode = FALSE
	EndGlobalSection
	GlobalSection(ExtensibilityGlobals) = postSolution
		SolutionGuid = {9FFFCD8F-7503-42B2-A3CC-10383185AF9E}
	EndGlobalSection
EndGlobal
