
Microsoft Visual Studio Solution File, Format Version 12.00
# Visual Studio Version 16
VisualStudioVersion = 16.0.29509.3
MinimumVisualStudioVersion = 10.0.40219.1
Project("{FAE04EC0-301F-11D3-BF4B-00C04F79EFBC}") = "GTA_GameRooClient", "GTA_GameRooClient\GTA_GameRooClient.csproj", "{00F65959-DBB7-40B2-9E5A-5B96B90B9321}"
EndProject
Project("{FAE04EC0-301F-11D3-BF4B-00C04F79EFBC}") = "GTA_GameRooServer", "GTA_GameRooServer\GTA_GameRooServer.csproj", "{27ECF000-E6D8-4910-9117-B6CD01048E8B}"
EndProject
Project("{FAE04EC0-301F-11D3-BF4B-00C04F79EFBC}") = "TDMClient", "TDMClient\TDMClient.csproj", "{476384CD-32FA-4226-965F-DBEF66745E54}"
EndProject
Project("{FAE04EC0-301F-11D3-BF4B-00C04F79EFBC}") = "TDMServer", "TDMServer\TDMServer.csproj", "{BFB3D857-F17E-4BA3-BBC2-DF0FC57DD6A6}"
EndProject
Project("{FAE04EC0-301F-11D3-BF4B-00C04F79EFBC}") = "GTA_GameRooShared", "GTA_GameRooShared\GTA_GameRooShared.csproj", "{D3800439-E6A1-4B66-BA19-8199D14C0AF6}"
EndProject
Project("{FAE04EC0-301F-11D3-BF4B-00C04F79EFBC}") = "TTTClient", "TTTClient\TTTClient.csproj", "{54F26039-A477-4D2A-9571-256357E13A1B}"
EndProject
Project("{FAE04EC0-301F-11D3-BF4B-00C04F79EFBC}") = "TTTServer", "TTTServer\TTTServer.csproj", "{D63EADC3-06FA-46E8-89EC-29A516DED142}"
EndProject
Project("{FAE04EC0-301F-11D3-BF4B-00C04F79EFBC}") = "ICMClient", "ICMClient\ICMClient.csproj", "{8CCF9BBB-AC2F-4070-A21D-6617A6E32961}"
EndProject
Project("{FAE04EC0-301F-11D3-BF4B-00C04F79EFBC}") = "ICMServer", "ICMServer\ICMServer.csproj", "{BCD35853-2231-4F4E-B77E-3A5B57988D49}"
EndProject
Project("{FAE04EC0-301F-11D3-BF4B-00C04F79EFBC}") = "MVBClient", "MVBClient\MVBClient.csproj", "{E7B70F05-E3C9-46CA-A5A7-FEF8B8B9686A}"
EndProject
Project("{FAE04EC0-301F-11D3-BF4B-00C04F79EFBC}") = "MVBServer", "MVBServer\MVBServer.csproj", "{407BF6F7-6BA9-40F6-A920-92D348849FC7}"
EndProject
Project("{FAE04EC0-301F-11D3-BF4B-00C04F79EFBC}") = "HPClient", "HPClient\HPClient.csproj", "{A1B2C3D4-E5F6-7890-ABCD-EF1234567890}"
EndProject
Project("{FAE04EC0-301F-11D3-BF4B-00C04F79EFBC}") = "HPServer", "HPServer\HPServer.csproj", "{B2C3D4E5-F6A7-8901-BCDE-F12345678901}"
EndProject
Project("{FAE04EC0-301F-11D3-BF4B-00C04F79EFBC}") = "GGClient", "GGClient\GGClient.csproj", "{D4E5F6A7-B8C9-0123-DEFA-234567890123}"
EndProject
Project("{FAE04EC0-301F-11D3-BF4B-00C04F79EFBC}") = "GGServer", "GGServer\GGServer.csproj", "{C3D4E5F6-A7B8-9012-CDEF-123456789012}"
EndProject
Global
	GlobalSection(SolutionConfigurationPlatforms) = preSolution
		Debug|Any CPU = Debug|Any CPU
		Release|Any CPU = Release|Any CPU
	EndGlobalSection
	GlobalSection(ProjectConfigurationPlatforms) = postSolution
		{00F65959-DBB7-40B2-9E5A-5B96B90B9321}.Debug|Any CPU.ActiveCfg = Debug|Any CPU
		{00F65959-DBB7-40B2-9E5A-5B96B90B9321}.Debug|Any CPU.Build.0 = Debug|Any CPU
		{00F65959-DBB7-40B2-9E5A-5B96B90B9321}.Release|Any CPU.ActiveCfg = Release|Any CPU
		{00F65959-DBB7-40B2-9E5A-5B96B90B9321}.Release|Any CPU.Build.0 = Release|Any CPU
		{27ECF000-E6D8-4910-9117-B6CD01048E8B}.Debug|Any CPU.ActiveCfg = Debug|Any CPU
		{27ECF000-E6D8-4910-9117-B6CD01048E8B}.Debug|Any CPU.Build.0 = Debug|Any CPU
		{27ECF000-E6D8-4910-9117-B6CD01048E8B}.Release|Any CPU.ActiveCfg = Release|Any CPU
		{27ECF000-E6D8-4910-9117-B6CD01048E8B}.Release|Any CPU.Build.0 = Release|Any CPU
		{476384CD-32FA-4226-965F-DBEF66745E54}.Debug|Any CPU.ActiveCfg = Debug|Any CPU
		{476384CD-32FA-4226-965F-DBEF66745E54}.Debug|Any CPU.Build.0 = Debug|Any CPU
		{476384CD-32FA-4226-965F-DBEF66745E54}.Release|Any CPU.ActiveCfg = Release|Any CPU
		{476384CD-32FA-4226-965F-DBEF66745E54}.Release|Any CPU.Build.0 = Release|Any CPU
		{BFB3D857-F17E-4BA3-BBC2-DF0FC57DD6A6}.Debug|Any CPU.ActiveCfg = Debug|Any CPU
		{BFB3D857-F17E-4BA3-BBC2-DF0FC57DD6A6}.Debug|Any CPU.Build.0 = Debug|Any CPU
		{BFB3D857-F17E-4BA3-BBC2-DF0FC57DD6A6}.Release|Any CPU.ActiveCfg = Release|Any CPU
		{BFB3D857-F17E-4BA3-BBC2-DF0FC57DD6A6}.Release|Any CPU.Build.0 = Release|Any CPU
		{D3800439-E6A1-4B66-BA19-8199D14C0AF6}.Debug|Any CPU.ActiveCfg = Debug|Any CPU
		{D3800439-E6A1-4B66-BA19-8199D14C0AF6}.Debug|Any CPU.Build.0 = Debug|Any CPU
		{D3800439-E6A1-4B66-BA19-8199D14C0AF6}.Release|Any CPU.ActiveCfg = Release|Any CPU
		{D3800439-E6A1-4B66-BA19-8199D14C0AF6}.Release|Any CPU.Build.0 = Release|Any CPU
		{54F26039-A477-4D2A-9571-256357E13A1B}.Debug|Any CPU.ActiveCfg = Debug|Any CPU
		{54F26039-A477-4D2A-9571-256357E13A1B}.Debug|Any CPU.Build.0 = Debug|Any CPU
		{54F26039-A477-4D2A-9571-256357E13A1B}.Release|Any CPU.ActiveCfg = Release|Any CPU
		{54F26039-A477-4D2A-9571-256357E13A1B}.Release|Any CPU.Build.0 = Release|Any CPU
		{D63EADC3-06FA-46E8-89EC-29A516DED142}.Debug|Any CPU.ActiveCfg = Debug|Any CPU
		{D63EADC3-06FA-46E8-89EC-29A516DED142}.Debug|Any CPU.Build.0 = Debug|Any CPU
		{D63EADC3-06FA-46E8-89EC-29A516DED142}.Release|Any CPU.ActiveCfg = Release|Any CPU
		{D63EADC3-06FA-46E8-89EC-29A516DED142}.Release|Any CPU.Build.0 = Release|Any CPU
		{8CCF9BBB-AC2F-4070-A21D-6617A6E32961}.Debug|Any CPU.ActiveCfg = Debug|Any CPU
		{8CCF9BBB-AC2F-4070-A21D-6617A6E32961}.Debug|Any CPU.Build.0 = Debug|Any CPU
		{8CCF9BBB-AC2F-4070-A21D-6617A6E32961}.Release|Any CPU.ActiveCfg = Release|Any CPU
		{8CCF9BBB-AC2F-4070-A21D-6617A6E32961}.Release|Any CPU.Build.0 = Release|Any CPU
		{BCD35853-2231-4F4E-B77E-3A5B57988D49}.Debug|Any CPU.ActiveCfg = Debug|Any CPU
		{BCD35853-2231-4F4E-B77E-3A5B57988D49}.Debug|Any CPU.Build.0 = Debug|Any CPU
		{BCD35853-2231-4F4E-B77E-3A5B57988D49}.Release|Any CPU.ActiveCfg = Release|Any CPU
		{BCD35853-2231-4F4E-B77E-3A5B57988D49}.Release|Any CPU.Build.0 = Release|Any CPU
		{E7B70F05-E3C9-46CA-A5A7-FEF8B8B9686A}.Debug|Any CPU.ActiveCfg = Debug|Any CPU
		{E7B70F05-E3C9-46CA-A5A7-FEF8B8B9686A}.Debug|Any CPU.Build.0 = Debug|Any CPU
		{E7B70F05-E3C9-46CA-A5A7-FEF8B8B9686A}.Release|Any CPU.ActiveCfg = Release|Any CPU
		{E7B70F05-E3C9-46CA-A5A7-FEF8B8B9686A}.Release|Any CPU.Build.0 = Release|Any CPU
		{407BF6F7-6BA9-40F6-A920-92D348849FC7}.Debug|Any CPU.ActiveCfg = Debug|Any CPU
		{407BF6F7-6BA9-40F6-A920-92D348849FC7}.Debug|Any CPU.Build.0 = Debug|Any CPU
		{407BF6F7-6BA9-40F6-A920-92D348849FC7}.Release|Any CPU.ActiveCfg = Release|Any CPU
		{407BF6F7-6BA9-40F6-A920-92D348849FC7}.Release|Any CPU.Build.0 = Release|Any CPU
		{A1B2C3D4-E5F6-7890-ABCD-EF1234567890}.Debug|Any CPU.ActiveCfg = Debug|Any CPU
		{A1B2C3D4-E5F6-7890-ABCD-EF1234567890}.Debug|Any CPU.Build.0 = Debug|Any CPU
		{A1B2C3D4-E5F6-7890-ABCD-EF1234567890}.Release|Any CPU.ActiveCfg = Release|Any CPU
		{A1B2C3D4-E5F6-7890-ABCD-EF1234567890}.Release|Any CPU.Build.0 = Release|Any CPU
		{B2C3D4E5-F6A7-8901-BCDE-F12345678901}.Debug|Any CPU.ActiveCfg = Debug|Any CPU
		{B2C3D4E5-F6A7-8901-BCDE-F12345678901}.Debug|Any CPU.Build.0 = Debug|Any CPU
		{B2C3D4E5-F6A7-8901-BCDE-F12345678901}.Release|Any CPU.ActiveCfg = Release|Any CPU
		{B2C3D4E5-F6A7-8901-BCDE-F12345678901}.Release|Any CPU.Build.0 = Release|Any CPU
		{D4E5F6A7-B8C9-0123-DEFA-234567890123}.Debug|Any CPU.ActiveCfg = Debug|Any CPU
		{D4E5F6A7-B8C9-0123-DEFA-234567890123}.Debug|Any CPU.Build.0 = Debug|Any CPU
		{D4E5F6A7-B8C9-0123-DEFA-234567890123}.Release|Any CPU.ActiveCfg = Release|Any CPU
		{D4E5F6A7-B8C9-0123-DEFA-234567890123}.Release|Any CPU.Build.0 = Release|Any CPU
		{C3D4E5F6-A7B8-9012-CDEF-123456789012}.Debug|Any CPU.ActiveCfg = Debug|Any CPU
		{C3D4E5F6-A7B8-9012-CDEF-123456789012}.Debug|Any CPU.Build.0 = Debug|Any CPU
		{C3D4E5F6-A7B8-9012-CDEF-123456789012}.Release|Any CPU.ActiveCfg = Release|Any CPU
		{C3D4E5F6-A7B8-9012-CDEF-123456789012}.Release|Any CPU.Build.0 = Release|Any CPU
	EndGlobalSection
	GlobalSection(SolutionProperties) = preSolution
		HideSolutionNode = FALSE
	EndGlobalSection
	GlobalSection(ExtensibilityGlobals) = postSolution
		SolutionGuid = {9FFFCD8F-7503-42B2-A3CC-10383185AF9E}
	EndGlobalSection
EndGlobal
